
Microsoft Visual Studio Solution File, Format Version 12.00
# Visual Studio Version 16
VisualStudioVersion = 16.0.30114.105
MinimumVisualStudioVersion = 10.0.40219.1
Project("{FAE04EC0-301F-11D3-BF4B-00C04F79EFBC}") = "Swordfish", "Swordfish\Swordfish.csproj", "{DC46D933-2A3B-4DE2-A3B6-6C8EDDB6BC66}"
EndProject
Project("{FAE04EC0-301F-11D3-BF4B-00C04F79EFBC}") = "Swordfish.Demo", "Swordfish.Demo\Swordfish.Demo.csproj", "{A1593E8C-48B3-409B-A8AF-223002ECC015}"
EndProject
Project("{FAE04EC0-301F-11D3-BF4B-00C04F79EFBC}") = "Swordfish.Integrations", "Swordfish.Integrations\Swordfish.Integrations.csproj", "{A38D4083-4115-4EB0-B1A6-1FCB21D2140B}"
EndProject
Project("{FAE04EC0-301F-11D3-BF4B-00C04F79EFBC}") = "Swordfish.Library", "Swordfish.Library\Swordfish.Library.csproj", "{1DDC232D-38B5-43C6-A07C-35361A74640B}"
EndProject
Project("{FAE04EC0-301F-11D3-BF4B-00C04F79EFBC}") = "swordfish.Editor", "Swordfish.Editor\Swordfish.Editor.csproj", "{8A669530-0673-4015-8C6F-37D8B73819C7}"
EndProject
Project("{FAE04EC0-301F-11D3-BF4B-00C04F79EFBC}") = "Swordfish.Tests", "Swordfish.Tests\Swordfish.Tests.csproj", "{6E65476F-686B-4D75-912D-98141EC33982}"
EndProject
Project("{FAE04EC0-301F-11D3-BF4B-00C04F79EFBC}") = "Swordfish.ECS", "Swordfish.ECS\Swordfish.ECS.csproj", "{DDBCF831-02E5-4397-9D78-E37BA914E6DD}"
EndProject
Project("{FAE04EC0-301F-11D3-BF4B-00C04F79EFBC}") = "Shoal", "Shoal\Shoal.csproj", "{6B7DA392-8DA0-4E5A-BD4C-F0B73E3DBAA0}"
EndProject
Project("{FAE04EC0-301F-11D3-BF4B-00C04F79EFBC}") = "Swordfish.Compilation", "Swordfish.Compilation\Swordfish.Compilation.csproj", "{BD0B080F-8338-4EAC-B594-351F995CFDD6}"
EndProject
Project("{FAE04EC0-301F-11D3-BF4B-00C04F79EFBC}") = "Swordfish.Launcher", "Swordfish.Launcher\Swordfish.Launcher.csproj", "{8D11F61E-730A-4D04-8EFE-C4574FCD4333}"
EndProject
Project("{FAE04EC0-301F-11D3-BF4B-00C04F79EFBC}") = "WaywardBeyond.Client.Core", "WaywardBeyond.Client.Core\WaywardBeyond.Client.Core.csproj", "{6BD80933-C8E9-46E1-952B-87BC8ADC6987}"
EndProject
Project("{FAE04EC0-301F-11D3-BF4B-00C04F79EFBC}") = "Reef", "Reef\Reef.csproj", "{F95521CB-3675-4B4D-916B-331D32E56C9C}"
EndProject
Project("{FAE04EC0-301F-11D3-BF4B-00C04F79EFBC}") = "Reef.Tests", "Reef.Tests\Reef.Tests.csproj", "{FDB4E0DA-698D-49EF-8E1A-C43E7E7601AC}"
EndProject
Project("{FAE04EC0-301F-11D3-BF4B-00C04F79EFBC}") = "Reef.Benchmarks", "Reef.Benchmarks\Reef.Benchmarks.csproj", "{B3DCFEA9-3988-4BAC-9BC7-E4D848E5682E}"
EndProject
Project("{FAE04EC0-301F-11D3-BF4B-00C04F79EFBC}") = "WaywardBeyond.Client.Launcher", "WaywardBeyond.Client.Launcher\WaywardBeyond.Client.Launcher.csproj", "{A965AE79-5C3A-4368-B4E9-90F5C96B95A9}"
EndProject
Project("{FAE04EC0-301F-11D3-BF4B-00C04F79EFBC}") = "Shoal.Extensions.Swordfish", "Shoal.Extensions.Swordfish\Shoal.Extensions.Swordfish.csproj", "{CDB35018-300E-4A64-BC71-58FFAE3D9587}"
EndProject
Global
	GlobalSection(SolutionConfigurationPlatforms) = preSolution
		Debug|Any CPU = Debug|Any CPU
		Release|Any CPU = Release|Any CPU
	EndGlobalSection
	GlobalSection(SolutionProperties) = preSolution
		HideSolutionNode = FALSE
	EndGlobalSection
	GlobalSection(ProjectConfigurationPlatforms) = postSolution
		{DC46D933-2A3B-4DE2-A3B6-6C8EDDB6BC66}.Debug|Any CPU.ActiveCfg = Debug|Any CPU
		{DC46D933-2A3B-4DE2-A3B6-6C8EDDB6BC66}.Debug|Any CPU.Build.0 = Debug|Any CPU
		{DC46D933-2A3B-4DE2-A3B6-6C8EDDB6BC66}.Release|Any CPU.ActiveCfg = Release|Any CPU
		{DC46D933-2A3B-4DE2-A3B6-6C8EDDB6BC66}.Release|Any CPU.Build.0 = Release|Any CPU
		{A1593E8C-48B3-409B-A8AF-223002ECC015}.Debug|Any CPU.ActiveCfg = Debug|Any CPU
		{A1593E8C-48B3-409B-A8AF-223002ECC015}.Debug|Any CPU.Build.0 = Debug|Any CPU
		{A1593E8C-48B3-409B-A8AF-223002ECC015}.Release|Any CPU.ActiveCfg = Release|Any CPU
		{A1593E8C-48B3-409B-A8AF-223002ECC015}.Release|Any CPU.Build.0 = Release|Any CPU
		{A38D4083-4115-4EB0-B1A6-1FCB21D2140B}.Debug|Any CPU.ActiveCfg = Debug|Any CPU
		{A38D4083-4115-4EB0-B1A6-1FCB21D2140B}.Debug|Any CPU.Build.0 = Debug|Any CPU
		{A38D4083-4115-4EB0-B1A6-1FCB21D2140B}.Release|Any CPU.ActiveCfg = Release|Any CPU
		{A38D4083-4115-4EB0-B1A6-1FCB21D2140B}.Release|Any CPU.Build.0 = Release|Any CPU
		{1DDC232D-38B5-43C6-A07C-35361A74640B}.Debug|Any CPU.ActiveCfg = Debug|Any CPU
		{1DDC232D-38B5-43C6-A07C-35361A74640B}.Debug|Any CPU.Build.0 = Debug|Any CPU
		{1DDC232D-38B5-43C6-A07C-35361A74640B}.Release|Any CPU.ActiveCfg = Release|Any CPU
		{1DDC232D-38B5-43C6-A07C-35361A74640B}.Release|Any CPU.Build.0 = Release|Any CPU
		{8A669530-0673-4015-8C6F-37D8B73819C7}.Debug|Any CPU.ActiveCfg = Debug|Any CPU
		{8A669530-0673-4015-8C6F-37D8B73819C7}.Debug|Any CPU.Build.0 = Debug|Any CPU
		{8A669530-0673-4015-8C6F-37D8B73819C7}.Release|Any CPU.ActiveCfg = Release|Any CPU
		{8A669530-0673-4015-8C6F-37D8B73819C7}.Release|Any CPU.Build.0 = Release|Any CPU
		{6E65476F-686B-4D75-912D-98141EC33982}.Debug|Any CPU.ActiveCfg = Debug|Any CPU
		{6E65476F-686B-4D75-912D-98141EC33982}.Debug|Any CPU.Build.0 = Debug|Any CPU
		{6E65476F-686B-4D75-912D-98141EC33982}.Release|Any CPU.ActiveCfg = Release|Any CPU
		{6E65476F-686B-4D75-912D-98141EC33982}.Release|Any CPU.Build.0 = Release|Any CPU
		{DDBCF831-02E5-4397-9D78-E37BA914E6DD}.Debug|Any CPU.ActiveCfg = Debug|Any CPU
		{DDBCF831-02E5-4397-9D78-E37BA914E6DD}.Debug|Any CPU.Build.0 = Debug|Any CPU
		{DDBCF831-02E5-4397-9D78-E37BA914E6DD}.Release|Any CPU.ActiveCfg = Release|Any CPU
		{DDBCF831-02E5-4397-9D78-E37BA914E6DD}.Release|Any CPU.Build.0 = Release|Any CPU
		{6B7DA392-8DA0-4E5A-BD4C-F0B73E3DBAA0}.Debug|Any CPU.ActiveCfg = Debug|Any CPU
		{6B7DA392-8DA0-4E5A-BD4C-F0B73E3DBAA0}.Debug|Any CPU.Build.0 = Debug|Any CPU
		{6B7DA392-8DA0-4E5A-BD4C-F0B73E3DBAA0}.Release|Any CPU.ActiveCfg = Release|Any CPU
		{6B7DA392-8DA0-4E5A-BD4C-F0B73E3DBAA0}.Release|Any CPU.Build.0 = Release|Any CPU
		{BD0B080F-8338-4EAC-B594-351F995CFDD6}.Debug|Any CPU.ActiveCfg = Debug|Any CPU
		{BD0B080F-8338-4EAC-B594-351F995CFDD6}.Debug|Any CPU.Build.0 = Debug|Any CPU
		{BD0B080F-8338-4EAC-B594-351F995CFDD6}.Release|Any CPU.ActiveCfg = Release|Any CPU
		{BD0B080F-8338-4EAC-B594-351F995CFDD6}.Release|Any CPU.Build.0 = Release|Any CPU
		{8D11F61E-730A-4D04-8EFE-C4574FCD4333}.Debug|Any CPU.ActiveCfg = Debug|Any CPU
		{8D11F61E-730A-4D04-8EFE-C4574FCD4333}.Debug|Any CPU.Build.0 = Debug|Any CPU
		{8D11F61E-730A-4D04-8EFE-C4574FCD4333}.Release|Any CPU.ActiveCfg = Release|Any CPU
		{8D11F61E-730A-4D04-8EFE-C4574FCD4333}.Release|Any CPU.Build.0 = Release|Any CPU
		{6BD80933-C8E9-46E1-952B-87BC8ADC6987}.Debug|Any CPU.ActiveCfg = Debug|Any CPU
		{6BD80933-C8E9-46E1-952B-87BC8ADC6987}.Debug|Any CPU.Build.0 = Debug|Any CPU
		{6BD80933-C8E9-46E1-952B-87BC8ADC6987}.Release|Any CPU.ActiveCfg = Release|Any CPU
		{6BD80933-C8E9-46E1-952B-87BC8ADC6987}.Release|Any CPU.Build.0 = Release|Any CPU
		{F95521CB-3675-4B4D-916B-331D32E56C9C}.Debug|Any CPU.ActiveCfg = Debug|Any CPU
		{F95521CB-3675-4B4D-916B-331D32E56C9C}.Debug|Any CPU.Build.0 = Debug|Any CPU
		{F95521CB-3675-4B4D-916B-331D32E56C9C}.Release|Any CPU.ActiveCfg = Release|Any CPU
		{F95521CB-3675-4B4D-916B-331D32E56C9C}.Release|Any CPU.Build.0 = Release|Any CPU
		{FDB4E0DA-698D-49EF-8E1A-C43E7E7601AC}.Debug|Any CPU.ActiveCfg = Debug|Any CPU
		{FDB4E0DA-698D-49EF-8E1A-C43E7E7601AC}.Debug|Any CPU.Build.0 = Debug|Any CPU
		{FDB4E0DA-698D-49EF-8E1A-C43E7E7601AC}.Release|Any CPU.ActiveCfg = Release|Any CPU
		{FDB4E0DA-698D-49EF-8E1A-C43E7E7601AC}.Release|Any CPU.Build.0 = Release|Any CPU
		{B3DCFEA9-3988-4BAC-9BC7-E4D848E5682E}.Debug|Any CPU.ActiveCfg = Debug|Any CPU
		{B3DCFEA9-3988-4BAC-9BC7-E4D848E5682E}.Debug|Any CPU.Build.0 = Debug|Any CPU
		{B3DCFEA9-3988-4BAC-9BC7-E4D848E5682E}.Release|Any CPU.ActiveCfg = Release|Any CPU
		{B3DCFEA9-3988-4BAC-9BC7-E4D848E5682E}.Release|Any CPU.Build.0 = Release|Any CPU
		{A965AE79-5C3A-4368-B4E9-90F5C96B95A9}.Debug|Any CPU.ActiveCfg = Debug|Any CPU
		{A965AE79-5C3A-4368-B4E9-90F5C96B95A9}.Debug|Any CPU.Build.0 = Debug|Any CPU
		{A965AE79-5C3A-4368-B4E9-90F5C96B95A9}.Release|Any CPU.ActiveCfg = Release|Any CPU
		{A965AE79-5C3A-4368-B4E9-90F5C96B95A9}.Release|Any CPU.Build.0 = Release|Any CPU
		{CDB35018-300E-4A64-BC71-58FFAE3D9587}.Debug|Any CPU.ActiveCfg = Debug|Any CPU
		{CDB35018-300E-4A64-BC71-58FFAE3D9587}.Debug|Any CPU.Build.0 = Debug|Any CPU
		{CDB35018-300E-4A64-BC71-58FFAE3D9587}.Release|Any CPU.ActiveCfg = Release|Any CPU
		{CDB35018-300E-4A64-BC71-58FFAE3D9587}.Release|Any CPU.Build.0 = Release|Any CPU
	EndGlobalSection
EndGlobal
